
Microsoft Visual Studio Solution File, Format Version 12.00
# Visual Studio Version 17
VisualStudioVersion = 17.10.35027.167
MinimumVisualStudioVersion = 10.0.40219.1
Project("{9A19103F-16F7-4668-BE54-9A1E7A4F7556}") = "MyState", "MyState\MyState.csproj", "{D7AF629C-F2BA-48B0-B133-C3A22E72EC80}"
EndProject
Project("{9A19103F-16F7-4668-BE54-9A1E7A4F7556}") = "MyState.Android", "MyState.Android\MyState.Android.csproj", "{63316AF3-8B75-4A30-AE79-1F763A31B371}"
EndProject
Project("{9A19103F-16F7-4668-BE54-9A1E7A4F7556}") = "MyState.Desktop", "MyState.Desktop\MyState.Desktop.csproj", "{C01ADBBE-46B7-49AB-BB25-84B183ECF7EE}"
EndProject
Project("{9A19103F-16F7-4668-BE54-9A1E7A4F7556}") = "MyState.iOS", "MyState.iOS\MyState.iOS.csproj", "{612E57A9-A53A-4D19-8E32-08D52710FE8E}"
EndProject
Project("{9A19103F-16F7-4668-BE54-9A1E7A4F7556}") = "MyState.Browser", "MyState.Browser\MyState.Browser.csproj", "{9F3F129D-6FF7-48D5-B15A-F92A67F043DE}"
EndProject
Global
	GlobalSection(SolutionConfigurationPlatforms) = preSolution
		Debug|Any CPU = Debug|Any CPU
		Release|Any CPU = Release|Any CPU
	EndGlobalSection
	GlobalSection(ProjectConfigurationPlatforms) = postSolution
		{D7AF629C-F2BA-48B0-B133-C3A22E72EC80}.Debug|Any CPU.ActiveCfg = Debug|Any CPU
		{D7AF629C-F2BA-48B0-B133-C3A22E72EC80}.Debug|Any CPU.Build.0 = Debug|Any CPU
		{D7AF629C-F2BA-48B0-B133-C3A22E72EC80}.Release|Any CPU.ActiveCfg = Release|Any CPU
		{D7AF629C-F2BA-48B0-B133-C3A22E72EC80}.Release|Any CPU.Build.0 = Release|Any CPU
		{63316AF3-8B75-4A30-AE79-1F763A31B371}.Debug|Any CPU.ActiveCfg = Debug|Any CPU
		{63316AF3-8B75-4A30-AE79-1F763A31B371}.Debug|Any CPU.Build.0 = Debug|Any CPU
		{63316AF3-8B75-4A30-AE79-1F763A31B371}.Debug|Any CPU.Deploy.0 = Debug|Any CPU
		{63316AF3-8B75-4A30-AE79-1F763A31B371}.Release|Any CPU.ActiveCfg = Release|Any CPU
		{63316AF3-8B75-4A30-AE79-1F763A31B371}.Release|Any CPU.Build.0 = Release|Any CPU
		{63316AF3-8B75-4A30-AE79-1F763A31B371}.Release|Any CPU.Deploy.0 = Release|Any CPU
		{C01ADBBE-46B7-49AB-BB25-84B183ECF7EE}.Debug|Any CPU.ActiveCfg = Debug|Any CPU
		{C01ADBBE-46B7-49AB-BB25-84B183ECF7EE}.Debug|Any CPU.Build.0 = Debug|Any CPU
		{C01ADBBE-46B7-49AB-BB25-84B183ECF7EE}.Release|Any CPU.ActiveCfg = Release|Any CPU
		{C01ADBBE-46B7-49AB-BB25-84B183ECF7EE}.Release|Any CPU.Build.0 = Release|Any CPU
		{612E57A9-A53A-4D19-8E32-08D52710FE8E}.Debug|Any CPU.ActiveCfg = Debug|Any CPU
		{612E57A9-A53A-4D19-8E32-08D52710FE8E}.Debug|Any CPU.Build.0 = Debug|Any CPU
		{612E57A9-A53A-4D19-8E32-08D52710FE8E}.Debug|Any CPU.Deploy.0 = Debug|Any CPU
		{612E57A9-A53A-4D19-8E32-08D52710FE8E}.Release|Any CPU.ActiveCfg = Release|Any CPU
		{612E57A9-A53A-4D19-8E32-08D52710FE8E}.Release|Any CPU.Build.0 = Release|Any CPU
		{612E57A9-A53A-4D19-8E32-08D52710FE8E}.Release|Any CPU.Deploy.0 = Release|Any CPU
		{9F3F129D-6FF7-48D5-B15A-F92A67F043DE}.Debug|Any CPU.ActiveCfg = Debug|Any CPU
		{9F3F129D-6FF7-48D5-B15A-F92A67F043DE}.Debug|Any CPU.Build.0 = Debug|Any CPU
		{9F3F129D-6FF7-48D5-B15A-F92A67F043DE}.Release|Any CPU.ActiveCfg = Release|Any CPU
		{9F3F129D-6FF7-48D5-B15A-F92A67F043DE}.Release|Any CPU.Build.0 = Release|Any CPU
	EndGlobalSection
	GlobalSection(SolutionProperties) = preSolution
		HideSolutionNode = FALSE
	EndGlobalSection
	GlobalSection(ExtensibilityGlobals) = postSolution
		SolutionGuid = {9955060C-8E9C-4EA5-BECF-B517C8CDF9BF}
	EndGlobalSection
EndGlobal
